
Microsoft Visual Studio Solution File, Format Version 12.00
# Visual Studio Version 17
VisualStudioVersion = 17.5.33530.505
MinimumVisualStudioVersion = 10.0.40219.1
Project("{9A19103F-16F7-4668-BE54-9A1E7A4F7556}") = "NartyDBApp", "NartyDBApp\NartyDBApp.csproj", "{EAB9EDBD-C5FA-466B-A332-0F859D8738B0}"
EndProject
Project("{9A19103F-16F7-4668-BE54-9A1E7A4F7556}") = "Narty.DB", "Narty.DB\Narty.DB.csproj", "{B317E876-9C6F-4CC6-92CF-DACB10E4D17A}"
EndProject
Global
	GlobalSection(SolutionConfigurationPlatforms) = preSolution
		Debug|Any CPU = Debug|Any CPU
		Release|Any CPU = Release|Any CPU
	EndGlobalSection
	GlobalSection(ProjectConfigurationPlatforms) = postSolution
		{EAB9EDBD-C5FA-466B-A332-0F859D8738B0}.Debug|Any CPU.ActiveCfg = Debug|Any CPU
		{EAB9EDBD-C5FA-466B-A332-0F859D8738B0}.Debug|Any CPU.Build.0 = Debug|Any CPU
		{EAB9EDBD-C5FA-466B-A332-0F859D8738B0}.Release|Any CPU.ActiveCfg = Release|Any CPU
		{EAB9EDBD-C5FA-466B-A332-0F859D8738B0}.Release|Any CPU.Build.0 = Release|Any CPU
		{B317E876-9C6F-4CC6-92CF-DACB10E4D17A}.Debug|Any CPU.ActiveCfg = Debug|Any CPU
		{B317E876-9C6F-4CC6-92CF-DACB10E4D17A}.Debug|Any CPU.Build.0 = Debug|Any CPU
		{B317E876-9C6F-4CC6-92CF-DACB10E4D17A}.Release|Any CPU.ActiveCfg = Release|Any CPU
		{B317E876-9C6F-4CC6-92CF-DACB10E4D17A}.Release|Any CPU.Build.0 = Release|Any CPU
	EndGlobalSection
	GlobalSection(SolutionProperties) = preSolution
		HideSolutionNode = FALSE
	EndGlobalSection
	GlobalSection(ExtensibilityGlobals) = postSolution
		SolutionGuid = {969D9099-3C1E-40EA-B348-CC3A6F1ABFD5}
	EndGlobalSection
EndGlobal
